// !$*UTF8*$!
{
	archiveVersion = 1;
	classes = {
	};
	objectVersion = 50;
	objects = {

/* Begin PBXBuildFile section */
		2A0F7EBA21C89A6300F9B155 /* SignInViewController.swift in Sources */ = {isa = PBXBuildFile; fileRef = 2A0F7EB921C89A6300F9B155 /* SignInViewController.swift */; };
		2A0F7EBC21C89D9300F9B155 /* SignUpViewController.swift in Sources */ = {isa = PBXBuildFile; fileRef = 2A0F7EBB21C89D9300F9B155 /* SignUpViewController.swift */; };
		2A0F7EBF21C8A0FD00F9B155 /* SignIn.swift in Sources */ = {isa = PBXBuildFile; fileRef = 2A0F7EBE21C8A0FD00F9B155 /* SignIn.swift */; };
		2A0F7EC321C8BE7600F9B155 /* CoinsChange.swift in Sources */ = {isa = PBXBuildFile; fileRef = 2A0F7EC221C8BE7600F9B155 /* CoinsChange.swift */; };
		2A0F7EC521C8C9D100F9B155 /* SignOut.swift in Sources */ = {isa = PBXBuildFile; fileRef = 2A0F7EC421C8C9D100F9B155 /* SignOut.swift */; };
		2A0F7ED321C9238300F9B155 /* SignUp.swift in Sources */ = {isa = PBXBuildFile; fileRef = 2A0F7ED221C9238300F9B155 /* SignUp.swift */; };
		2A0F7ED721C9442D00F9B155 /* AchievementViewController.swift in Sources */ = {isa = PBXBuildFile; fileRef = 2A0F7ED621C9442D00F9B155 /* AchievementViewController.swift */; };
		2A0F7ED921C9485000F9B155 /* ShowRecord.swift in Sources */ = {isa = PBXBuildFile; fileRef = 2A0F7ED821C9485000F9B155 /* ShowRecord.swift */; };
		2A0F7EDB21C9494600F9B155 /* RecordModel.swift in Sources */ = {isa = PBXBuildFile; fileRef = 2A0F7EDA21C9494600F9B155 /* RecordModel.swift */; };
		2A0F7EDD21C9553800F9B155 /* ShowCoin.swift in Sources */ = {isa = PBXBuildFile; fileRef = 2A0F7EDC21C9553800F9B155 /* ShowCoin.swift */; };
		2A0F7EDF21C9849500F9B155 /* FirstWinGame.swift in Sources */ = {isa = PBXBuildFile; fileRef = 2A0F7EDE21C9849500F9B155 /* FirstWinGame.swift */; };
		2A0F7EE121C984BF00F9B155 /* Lose10Games.swift in Sources */ = {isa = PBXBuildFile; fileRef = 2A0F7EE021C984BF00F9B155 /* Lose10Games.swift */; };
		2A0F7EE321CA103200F9B155 /* ShowAchievement.swift in Sources */ = {isa = PBXBuildFile; fileRef = 2A0F7EE221CA103200F9B155 /* ShowAchievement.swift */; };
		2A0F7EE521CA10BB00F9B155 /* AchievementModel.swift in Sources */ = {isa = PBXBuildFile; fileRef = 2A0F7EE421CA10BB00F9B155 /* AchievementModel.swift */; };
		2A0F7EE821CA610100F9B155 /* ShopViewController.swift in Sources */ = {isa = PBXBuildFile; fileRef = 2A0F7EE721CA610100F9B155 /* ShopViewController.swift */; };
		2A0F7EEA21CA61D800F9B155 /* BuyItem.swift in Sources */ = {isa = PBXBuildFile; fileRef = 2A0F7EE921CA61D800F9B155 /* BuyItem.swift */; };
		2A0F7EEC21CA838B00F9B155 /* UpdateViewController.swift in Sources */ = {isa = PBXBuildFile; fileRef = 2A0F7EEB21CA838B00F9B155 /* UpdateViewController.swift */; };
		2A0F7EEE21CA839B00F9B155 /* UpdateAPI.swift in Sources */ = {isa = PBXBuildFile; fileRef = 2A0F7EED21CA839B00F9B155 /* UpdateAPI.swift */; };
		2AA8BC5921C73FA400770472 /* AppDelegate.swift in Sources */ = {isa = PBXBuildFile; fileRef = 2AA8BC5821C73FA400770472 /* AppDelegate.swift */; };
		2AA8BC5B21C73FA400770472 /* ViewController.swift in Sources */ = {isa = PBXBuildFile; fileRef = 2AA8BC5A21C73FA400770472 /* ViewController.swift */; };
		2AA8BC5E21C73FA400770472 /* Main.storyboard in Resources */ = {isa = PBXBuildFile; fileRef = 2AA8BC5C21C73FA400770472 /* Main.storyboard */; };
		2AA8BC6121C73FA400770472 /* SlotMachine.xcdatamodeld in Sources */ = {isa = PBXBuildFile; fileRef = 2AA8BC5F21C73FA400770472 /* SlotMachine.xcdatamodeld */; };
		2AA8BC6321C73FA600770472 /* Assets.xcassets in Resources */ = {isa = PBXBuildFile; fileRef = 2AA8BC6221C73FA600770472 /* Assets.xcassets */; };
		2AA8BC6621C73FA600770472 /* LaunchScreen.storyboard in Resources */ = {isa = PBXBuildFile; fileRef = 2AA8BC6421C73FA600770472 /* LaunchScreen.storyboard */; };
		2AA8BC6E21C77F4C00770472 /* HomePageViewController.swift in Sources */ = {isa = PBXBuildFile; fileRef = 2AA8BC6D21C77F4C00770472 /* HomePageViewController.swift */; };
		2AA8BC7121C79F0100770472 /* RecordTableViewController.swift in Sources */ = {isa = PBXBuildFile; fileRef = 2AA8BC7021C79F0100770472 /* RecordTableViewController.swift */; };
		2AA8BC7321C79F1400770472 /* RecordTableViewCell.swift in Sources */ = {isa = PBXBuildFile; fileRef = 2AA8BC7221C79F1400770472 /* RecordTableViewCell.swift */; };
		C615E986A3A03BA4E7BF88C6 /* Pods_SlotMachine.framework in Frameworks */ = {isa = PBXBuildFile; fileRef = 60393FC96DC649040A74233C /* Pods_SlotMachine.framework */; };
/* End PBXBuildFile section */

/* Begin PBXFileReference section */
		2A0F7EB921C89A6300F9B155 /* SignInViewController.swift */ = {isa = PBXFileReference; lastKnownFileType = sourcecode.swift; path = SignInViewController.swift; sourceTree = "<group>"; };
		2A0F7EBB21C89D9300F9B155 /* SignUpViewController.swift */ = {isa = PBXFileReference; lastKnownFileType = sourcecode.swift; path = SignUpViewController.swift; sourceTree = "<group>"; };
		2A0F7EBE21C8A0FD00F9B155 /* SignIn.swift */ = {isa = PBXFileReference; lastKnownFileType = sourcecode.swift; path = SignIn.swift; sourceTree = "<group>"; };
		2A0F7EC221C8BE7600F9B155 /* CoinsChange.swift */ = {isa = PBXFileReference; lastKnownFileType = sourcecode.swift; path = CoinsChange.swift; sourceTree = "<group>"; };
		2A0F7EC421C8C9D100F9B155 /* SignOut.swift */ = {isa = PBXFileReference; lastKnownFileType = sourcecode.swift; path = SignOut.swift; sourceTree = "<group>"; };
		2A0F7ED221C9238300F9B155 /* SignUp.swift */ = {isa = PBXFileReference; lastKnownFileType = sourcecode.swift; path = SignUp.swift; sourceTree = "<group>"; };
		2A0F7ED621C9442D00F9B155 /* AchievementViewController.swift */ = {isa = PBXFileReference; lastKnownFileType = sourcecode.swift; path = AchievementViewController.swift; sourceTree = "<group>"; };
		2A0F7ED821C9485000F9B155 /* ShowRecord.swift */ = {isa = PBXFileReference; lastKnownFileType = sourcecode.swift; path = ShowRecord.swift; sourceTree = "<group>"; };
		2A0F7EDA21C9494600F9B155 /* RecordModel.swift */ = {isa = PBXFileReference; lastKnownFileType = sourcecode.swift; path = RecordModel.swift; sourceTree = "<group>"; };
		2A0F7EDC21C9553800F9B155 /* ShowCoin.swift */ = {isa = PBXFileReference; lastKnownFileType = sourcecode.swift; path = ShowCoin.swift; sourceTree = "<group>"; };
		2A0F7EDE21C9849500F9B155 /* FirstWinGame.swift */ = {isa = PBXFileReference; lastKnownFileType = sourcecode.swift; path = FirstWinGame.swift; sourceTree = "<group>"; };
		2A0F7EE021C984BF00F9B155 /* Lose10Games.swift */ = {isa = PBXFileReference; lastKnownFileType = sourcecode.swift; path = Lose10Games.swift; sourceTree = "<group>"; };
		2A0F7EE221CA103200F9B155 /* ShowAchievement.swift */ = {isa = PBXFileReference; lastKnownFileType = sourcecode.swift; path = ShowAchievement.swift; sourceTree = "<group>"; };
		2A0F7EE421CA10BB00F9B155 /* AchievementModel.swift */ = {isa = PBXFileReference; lastKnownFileType = sourcecode.swift; path = AchievementModel.swift; sourceTree = "<group>"; };
		2A0F7EE721CA610100F9B155 /* ShopViewController.swift */ = {isa = PBXFileReference; lastKnownFileType = sourcecode.swift; path = ShopViewController.swift; sourceTree = "<group>"; };
		2A0F7EE921CA61D800F9B155 /* BuyItem.swift */ = {isa = PBXFileReference; lastKnownFileType = sourcecode.swift; path = BuyItem.swift; sourceTree = "<group>"; };
		2A0F7EEB21CA838B00F9B155 /* UpdateViewController.swift */ = {isa = PBXFileReference; lastKnownFileType = sourcecode.swift; path = UpdateViewController.swift; sourceTree = "<group>"; };
		2A0F7EED21CA839B00F9B155 /* UpdateAPI.swift */ = {isa = PBXFileReference; lastKnownFileType = sourcecode.swift; path = UpdateAPI.swift; sourceTree = "<group>"; };
		2AA8BC5521C73FA400770472 /* SlotMachine.app */ = {isa = PBXFileReference; explicitFileType = wrapper.application; includeInIndex = 0; path = SlotMachine.app; sourceTree = BUILT_PRODUCTS_DIR; };
		2AA8BC5821C73FA400770472 /* AppDelegate.swift */ = {isa = PBXFileReference; lastKnownFileType = sourcecode.swift; path = AppDelegate.swift; sourceTree = "<group>"; };
		2AA8BC5A21C73FA400770472 /* ViewController.swift */ = {isa = PBXFileReference; lastKnownFileType = sourcecode.swift; path = ViewController.swift; sourceTree = "<group>"; };
		2AA8BC5D21C73FA400770472 /* Base */ = {isa = PBXFileReference; lastKnownFileType = file.storyboard; name = Base; path = Base.lproj/Main.storyboard; sourceTree = "<group>"; };
		2AA8BC6021C73FA400770472 /* SlotMachine.xcdatamodel */ = {isa = PBXFileReference; lastKnownFileType = wrapper.xcdatamodel; path = SlotMachine.xcdatamodel; sourceTree = "<group>"; };
		2AA8BC6221C73FA600770472 /* Assets.xcassets */ = {isa = PBXFileReference; lastKnownFileType = folder.assetcatalog; path = Assets.xcassets; sourceTree = "<group>"; };
		2AA8BC6521C73FA600770472 /* Base */ = {isa = PBXFileReference; lastKnownFileType = file.storyboard; name = Base; path = Base.lproj/LaunchScreen.storyboard; sourceTree = "<group>"; };
		2AA8BC6721C73FA600770472 /* Info.plist */ = {isa = PBXFileReference; lastKnownFileType = text.plist.xml; path = Info.plist; sourceTree = "<group>"; };
		2AA8BC6D21C77F4C00770472 /* HomePageViewController.swift */ = {isa = PBXFileReference; lastKnownFileType = sourcecode.swift; path = HomePageViewController.swift; sourceTree = "<group>"; };
		2AA8BC7021C79F0100770472 /* RecordTableViewController.swift */ = {isa = PBXFileReference; lastKnownFileType = sourcecode.swift; path = RecordTableViewController.swift; sourceTree = "<group>"; };
		2AA8BC7221C79F1400770472 /* RecordTableViewCell.swift */ = {isa = PBXFileReference; lastKnownFileType = sourcecode.swift; path = RecordTableViewCell.swift; sourceTree = "<group>"; };
		60393FC96DC649040A74233C /* Pods_SlotMachine.framework */ = {isa = PBXFileReference; explicitFileType = wrapper.framework; includeInIndex = 0; path = Pods_SlotMachine.framework; sourceTree = BUILT_PRODUCTS_DIR; };
		DBC10B388A9FD5644BBF9405 /* Pods-SlotMachine.release.xcconfig */ = {isa = PBXFileReference; includeInIndex = 1; lastKnownFileType = text.xcconfig; name = "Pods-SlotMachine.release.xcconfig"; path = "Pods/Target Support Files/Pods-SlotMachine/Pods-SlotMachine.release.xcconfig"; sourceTree = "<group>"; };
		E57664DDDA83F18024630A22 /* Pods-SlotMachine.debug.xcconfig */ = {isa = PBXFileReference; includeInIndex = 1; lastKnownFileType = text.xcconfig; name = "Pods-SlotMachine.debug.xcconfig"; path = "Pods/Target Support Files/Pods-SlotMachine/Pods-SlotMachine.debug.xcconfig"; sourceTree = "<group>"; };
/* End PBXFileReference section */

/* Begin PBXFrameworksBuildPhase section */
		2AA8BC5221C73FA400770472 /* Frameworks */ = {
			isa = PBXFrameworksBuildPhase;
			buildActionMask = 2147483647;
			files = (
				C615E986A3A03BA4E7BF88C6 /* Pods_SlotMachine.framework in Frameworks */,
			);
			runOnlyForDeploymentPostprocessing = 0;
		};
/* End PBXFrameworksBuildPhase section */

/* Begin PBXGroup section */
		2A0F7EBD21C8A09B00F9B155 /* Sign In or Up */ = {
			isa = PBXGroup;
			children = (
				2A0F7EB921C89A6300F9B155 /* SignInViewController.swift */,
				2A0F7EBB21C89D9300F9B155 /* SignUpViewController.swift */,
			);
			path = "Sign In or Up";
			sourceTree = "<group>";
		};
		2A0F7ED421C9238800F9B155 /* API */ = {
			isa = PBXGroup;
			children = (
				2A0F7EC221C8BE7600F9B155 /* CoinsChange.swift */,
				2A0F7EBE21C8A0FD00F9B155 /* SignIn.swift */,
				2A0F7EC421C8C9D100F9B155 /* SignOut.swift */,
				2A0F7ED221C9238300F9B155 /* SignUp.swift */,
				2A0F7ED821C9485000F9B155 /* ShowRecord.swift */,
				2A0F7EDC21C9553800F9B155 /* ShowCoin.swift */,
				2A0F7EDE21C9849500F9B155 /* FirstWinGame.swift */,
				2A0F7EE021C984BF00F9B155 /* Lose10Games.swift */,
				2A0F7EE221CA103200F9B155 /* ShowAchievement.swift */,
				2A0F7EE921CA61D800F9B155 /* BuyItem.swift */,
				2A0F7EED21CA839B00F9B155 /* UpdateAPI.swift */,
			);
			path = API;
			sourceTree = "<group>";
		};
		2A0F7ED521C92EEC00F9B155 /* PlayGame */ = {
			isa = PBXGroup;
			children = (
				2AA8BC5A21C73FA400770472 /* ViewController.swift */,
			);
			path = PlayGame;
			sourceTree = "<group>";
		};
		2A0F7EE621CA10D800F9B155 /* Model */ = {
			isa = PBXGroup;
			children = (
				2A0F7EE421CA10BB00F9B155 /* AchievementModel.swift */,
				2A0F7EDA21C9494600F9B155 /* RecordModel.swift */,
			);
			path = Model;
			sourceTree = "<group>";
		};
		2AA8BC4C21C73FA400770472 = {
			isa = PBXGroup;
			children = (
				2AA8BC5721C73FA400770472 /* SlotMachine */,
				2AA8BC5621C73FA400770472 /* Products */,
				DE69D1B3EEDFF98CCBD2E7BF /* Pods */,
				9B3A547860C7757AD12C8F53 /* Frameworks */,
			);
			sourceTree = "<group>";
		};
		2AA8BC5621C73FA400770472 /* Products */ = {
			isa = PBXGroup;
			children = (
				2AA8BC5521C73FA400770472 /* SlotMachine.app */,
			);
			name = Products;
			sourceTree = "<group>";
		};
		2AA8BC5721C73FA400770472 /* SlotMachine */ = {
			isa = PBXGroup;
			children = (
				2AA8BC5821C73FA400770472 /* AppDelegate.swift */,
				2AA8BC5C21C73FA400770472 /* Main.storyboard */,
				2AA8BC6221C73FA600770472 /* Assets.xcassets */,
				2AA8BC6421C73FA600770472 /* LaunchScreen.storyboard */,
				2AA8BC6721C73FA600770472 /* Info.plist */,
				2AA8BC5F21C73FA400770472 /* SlotMachine.xcdatamodeld */,
				2AA8BC6D21C77F4C00770472 /* HomePageViewController.swift */,
				2AA8BC7021C79F0100770472 /* RecordTableViewController.swift */,
				2AA8BC7221C79F1400770472 /* RecordTableViewCell.swift */,
				2A0F7ED621C9442D00F9B155 /* AchievementViewController.swift */,
				2A0F7ED521C92EEC00F9B155 /* PlayGame */,
				2A0F7EBD21C8A09B00F9B155 /* Sign In or Up */,
				2A0F7ED421C9238800F9B155 /* API */,
				2A0F7EE621CA10D800F9B155 /* Model */,
				2A0F7EE721CA610100F9B155 /* ShopViewController.swift */,
				2A0F7EEB21CA838B00F9B155 /* UpdateViewController.swift */,
			);
			path = SlotMachine;
			sourceTree = "<group>";
		};
		9B3A547860C7757AD12C8F53 /* Frameworks */ = {
			isa = PBXGroup;
			children = (
				60393FC96DC649040A74233C /* Pods_SlotMachine.framework */,
			);
			name = Frameworks;
			sourceTree = "<group>";
		};
		DE69D1B3EEDFF98CCBD2E7BF /* Pods */ = {
			isa = PBXGroup;
			children = (
				E57664DDDA83F18024630A22 /* Pods-SlotMachine.debug.xcconfig */,
				DBC10B388A9FD5644BBF9405 /* Pods-SlotMachine.release.xcconfig */,
			);
			name = Pods;
			sourceTree = "<group>";
		};
/* End PBXGroup section */

/* Begin PBXNativeTarget section */
		2AA8BC5421C73FA400770472 /* SlotMachine */ = {
			isa = PBXNativeTarget;
			buildConfigurationList = 2AA8BC6A21C73FA600770472 /* Build configuration list for PBXNativeTarget "SlotMachine" */;
			buildPhases = (
				700151C70A43DB5193B18AE7 /* [CP] Check Pods Manifest.lock */,
				2AA8BC5121C73FA400770472 /* Sources */,
				2AA8BC5221C73FA400770472 /* Frameworks */,
				2AA8BC5321C73FA400770472 /* Resources */,
				5263389D740C09FD2C51A4CB /* [CP] Embed Pods Frameworks */,
			);
			buildRules = (
			);
			dependencies = (
			);
			name = SlotMachine;
			productName = SlotMachine;
			productReference = 2AA8BC5521C73FA400770472 /* SlotMachine.app */;
			productType = "com.apple.product-type.application";
		};
/* End PBXNativeTarget section */

/* Begin PBXProject section */
		2AA8BC4D21C73FA400770472 /* Project object */ = {
			isa = PBXProject;
			attributes = {
				LastSwiftUpdateCheck = 1010;
				LastUpgradeCheck = 1010;
				ORGANIZATIONNAME = Albert.C;
				TargetAttributes = {
					2AA8BC5421C73FA400770472 = {
						CreatedOnToolsVersion = 10.1;
					};
				};
			};
			buildConfigurationList = 2AA8BC5021C73FA400770472 /* Build configuration list for PBXProject "SlotMachine" */;
			compatibilityVersion = "Xcode 9.3";
			developmentRegion = en;
			hasScannedForEncodings = 0;
			knownRegions = (
				en,
				Base,
			);
			mainGroup = 2AA8BC4C21C73FA400770472;
			productRefGroup = 2AA8BC5621C73FA400770472 /* Products */;
			projectDirPath = "";
			projectRoot = "";
			targets = (
				2AA8BC5421C73FA400770472 /* SlotMachine */,
			);
		};
/* End PBXProject section */

/* Begin PBXResourcesBuildPhase section */
		2AA8BC5321C73FA400770472 /* Resources */ = {
			isa = PBXResourcesBuildPhase;
			buildActionMask = 2147483647;
			files = (
				2AA8BC6621C73FA600770472 /* LaunchScreen.storyboard in Resources */,
				2AA8BC6321C73FA600770472 /* Assets.xcassets in Resources */,
				2AA8BC5E21C73FA400770472 /* Main.storyboard in Resources */,
			);
			runOnlyForDeploymentPostprocessing = 0;
		};
/* End PBXResourcesBuildPhase section */

/* Begin PBXShellScriptBuildPhase section */
		5263389D740C09FD2C51A4CB /* [CP] Embed Pods Frameworks */ = {
			isa = PBXShellScriptBuildPhase;
			buildActionMask = 2147483647;
			files = (
			);
			inputFileListPaths = (
			);
			inputPaths = (
				"${SRCROOT}/Pods/Target Support Files/Pods-SlotMachine/Pods-SlotMachine-frameworks.sh",
				"${BUILT_PRODUCTS_DIR}/Alamofire/Alamofire.framework",
				"${BUILT_PRODUCTS_DIR}/SwiftyJSON/SwiftyJSON.framework",
			);
			name = "[CP] Embed Pods Frameworks";
			outputFileListPaths = (
			);
			outputPaths = (
				"${TARGET_BUILD_DIR}/${FRAMEWORKS_FOLDER_PATH}/Alamofire.framework",
				"${TARGET_BUILD_DIR}/${FRAMEWORKS_FOLDER_PATH}/SwiftyJSON.framework",
			);
			runOnlyForDeploymentPostprocessing = 0;
			shellPath = /bin/sh;
			shellScript = "\"${SRCROOT}/Pods/Target Support Files/Pods-SlotMachine/Pods-SlotMachine-frameworks.sh\"\n";
			showEnvVarsInLog = 0;
		};
		700151C70A43DB5193B18AE7 /* [CP] Check Pods Manifest.lock */ = {
			isa = PBXShellScriptBuildPhase;
			buildActionMask = 2147483647;
			files = (
			);
			inputFileListPaths = (
			);
			inputPaths = (
				"${PODS_PODFILE_DIR_PATH}/Podfile.lock",
				"${PODS_ROOT}/Manifest.lock",
			);
			name = "[CP] Check Pods Manifest.lock";
			outputFileListPaths = (
			);
			outputPaths = (
				"$(DERIVED_FILE_DIR)/Pods-SlotMachine-checkManifestLockResult.txt",
			);
			runOnlyForDeploymentPostprocessing = 0;
			shellPath = /bin/sh;
			shellScript = "diff \"${PODS_PODFILE_DIR_PATH}/Podfile.lock\" \"${PODS_ROOT}/Manifest.lock\" > /dev/null\nif [ $? != 0 ] ; then\n    # print error to STDERR\n    echo \"error: The sandbox is not in sync with the Podfile.lock. Run 'pod install' or update your CocoaPods installation.\" >&2\n    exit 1\nfi\n# This output is used by Xcode 'outputs' to avoid re-running this script phase.\necho \"SUCCESS\" > \"${SCRIPT_OUTPUT_FILE_0}\"\n";
			showEnvVarsInLog = 0;
		};
/* End PBXShellScriptBuildPhase section */

/* Begin PBXSourcesBuildPhase section */
		2AA8BC5121C73FA400770472 /* Sources */ = {
			isa = PBXSourcesBuildPhase;
			buildActionMask = 2147483647;
			files = (
				2A0F7EEC21CA838B00F9B155 /* UpdateViewController.swift in Sources */,
				2A0F7EBA21C89A6300F9B155 /* SignInViewController.swift in Sources */,
				2A0F7EDF21C9849500F9B155 /* FirstWinGame.swift in Sources */,
				2A0F7EBF21C8A0FD00F9B155 /* SignIn.swift in Sources */,
				2A0F7EC321C8BE7600F9B155 /* CoinsChange.swift in Sources */,
				2A0F7EDD21C9553800F9B155 /* ShowCoin.swift in Sources */,
				2A0F7EE821CA610100F9B155 /* ShopViewController.swift in Sources */,
				2A0F7EC521C8C9D100F9B155 /* SignOut.swift in Sources */,
				2AA8BC6E21C77F4C00770472 /* HomePageViewController.swift in Sources */,
				2A0F7ED321C9238300F9B155 /* SignUp.swift in Sources */,
				2A0F7EE321CA103200F9B155 /* ShowAchievement.swift in Sources */,
				2A0F7EBC21C89D9300F9B155 /* SignUpViewController.swift in Sources */,
				2A0F7EE121C984BF00F9B155 /* Lose10Games.swift in Sources */,
				2A0F7EE521CA10BB00F9B155 /* AchievementModel.swift in Sources */,
				2AA8BC5B21C73FA400770472 /* ViewController.swift in Sources */,
				2A0F7EEE21CA839B00F9B155 /* UpdateAPI.swift in Sources */,
				2A0F7EDB21C9494600F9B155 /* RecordModel.swift in Sources */,
				2AA8BC7321C79F1400770472 /* RecordTableViewCell.swift in Sources */,
				2A0F7ED921C9485000F9B155 /* ShowRecord.swift in Sources */,
				2AA8BC6121C73FA400770472 /* SlotMachine.xcdatamodeld in Sources */,
				2A0F7ED721C9442D00F9B155 /* AchievementViewController.swift in Sources */,
				2A0F7EEA21CA61D800F9B155 /* BuyItem.swift in Sources */,
				2AA8BC5921C73FA400770472 /* AppDelegate.swift in Sources */,
				2AA8BC7121C79F0100770472 /* RecordTableViewController.swift in Sources */,
			);
			runOnlyForDeploymentPostprocessing = 0;
		};
/* End PBXSourcesBuildPhase section */

/* Begin PBXVariantGroup section */
		2AA8BC5C21C73FA400770472 /* Main.storyboard */ = {
			isa = PBXVariantGroup;
			children = (
				2AA8BC5D21C73FA400770472 /* Base */,
			);
			name = Main.storyboard;
			sourceTree = "<group>";
		};
		2AA8BC6421C73FA600770472 /* LaunchScreen.storyboard */ = {
			isa = PBXVariantGroup;
			children = (
				2AA8BC6521C73FA600770472 /* Base */,
			);
			name = LaunchScreen.storyboard;
			sourceTree = "<group>";
		};
/* End PBXVariantGroup section */

/* Begin XCBuildConfiguration section */
		2AA8BC6821C73FA600770472 /* Debug */ = {
			isa = XCBuildConfiguration;
			buildSettings = {
				ALWAYS_SEARCH_USER_PATHS = NO;
				CLANG_ANALYZER_NONNULL = YES;
				CLANG_ANALYZER_NUMBER_OBJECT_CONVERSION = YES_AGGRESSIVE;
				CLANG_CXX_LANGUAGE_STANDARD = "gnu++14";
				CLANG_CXX_LIBRARY = "libc++";
				CLANG_ENABLE_MODULES = YES;
				CLANG_ENABLE_OBJC_ARC = YES;
				CLANG_ENABLE_OBJC_WEAK = YES;
				CLANG_WARN_BLOCK_CAPTURE_AUTORELEASING = YES;
				CLANG_WARN_BOOL_CONVERSION = YES;
				CLANG_WARN_COMMA = YES;
				CLANG_WARN_CONSTANT_CONVERSION = YES;
				CLANG_WARN_DEPRECATED_OBJC_IMPLEMENTATIONS = YES;
				CLANG_WARN_DIRECT_OBJC_ISA_USAGE = YES_ERROR;
				CLANG_WARN_DOCUMENTATION_COMMENTS = YES;
				CLANG_WARN_EMPTY_BODY = YES;
				CLANG_WARN_ENUM_CONVERSION = YES;
				CLANG_WARN_INFINITE_RECURSION = YES;
				CLANG_WARN_INT_CONVERSION = YES;
				CLANG_WARN_NON_LITERAL_NULL_CONVERSION = YES;
				CLANG_WARN_OBJC_IMPLICIT_RETAIN_SELF = YES;
				CLANG_WARN_OBJC_LITERAL_CONVERSION = YES;
				CLANG_WARN_OBJC_ROOT_CLASS = YES_ERROR;
				CLANG_WARN_RANGE_LOOP_ANALYSIS = YES;
				CLANG_WARN_STRICT_PROTOTYPES = YES;
				CLANG_WARN_SUSPICIOUS_MOVE = YES;
				CLANG_WARN_UNGUARDED_AVAILABILITY = YES_AGGRESSIVE;
				CLANG_WARN_UNREACHABLE_CODE = YES;
				CLANG_WARN__DUPLICATE_METHOD_MATCH = YES;
				CODE_SIGN_IDENTITY = "iPhone Developer";
				COPY_PHASE_STRIP = NO;
				DEBUG_INFORMATION_FORMAT = dwarf;
				ENABLE_STRICT_OBJC_MSGSEND = YES;
				ENABLE_TESTABILITY = YES;
				GCC_C_LANGUAGE_STANDARD = gnu11;
				GCC_DYNAMIC_NO_PIC = NO;
				GCC_NO_COMMON_BLOCKS = YES;
				GCC_OPTIMIZATION_LEVEL = 0;
				GCC_PREPROCESSOR_DEFINITIONS = (
					"DEBUG=1",
					"$(inherited)",
				);
				GCC_WARN_64_TO_32_BIT_CONVERSION = YES;
				GCC_WARN_ABOUT_RETURN_TYPE = YES_ERROR;
				GCC_WARN_UNDECLARED_SELECTOR = YES;
				GCC_WARN_UNINITIALIZED_AUTOS = YES_AGGRESSIVE;
				GCC_WARN_UNUSED_FUNCTION = YES;
				GCC_WARN_UNUSED_VARIABLE = YES;
				IPHONEOS_DEPLOYMENT_TARGET = 12.1;
				MTL_ENABLE_DEBUG_INFO = INCLUDE_SOURCE;
				MTL_FAST_MATH = YES;
				ONLY_ACTIVE_ARCH = YES;
				SDKROOT = iphoneos;
				SWIFT_ACTIVE_COMPILATION_CONDITIONS = DEBUG;
				SWIFT_OPTIMIZATION_LEVEL = "-Onone";
			};
			name = Debug;
		};
		2AA8BC6921C73FA600770472 /* Release */ = {
			isa = XCBuildConfiguration;
			buildSettings = {
				ALWAYS_SEARCH_USER_PATHS = NO;
				CLANG_ANALYZER_NONNULL = YES;
				CLANG_ANALYZER_NUMBER_OBJECT_CONVERSION = YES_AGGRESSIVE;
				CLANG_CXX_LANGUAGE_STANDARD = "gnu++14";
				CLANG_CXX_LIBRARY = "libc++";
				CLANG_ENABLE_MODULES = YES;
				CLANG_ENABLE_OBJC_ARC = YES;
				CLANG_ENABLE_OBJC_WEAK = YES;
				CLANG_WARN_BLOCK_CAPTURE_AUTORELEASING = YES;
				CLANG_WARN_BOOL_CONVERSION = YES;
				CLANG_WARN_COMMA = YES;
				CLANG_WARN_CONSTANT_CONVERSION = YES;
				CLANG_WARN_DEPRECATED_OBJC_IMPLEMENTATIONS = YES;
				CLANG_WARN_DIRECT_OBJC_ISA_USAGE = YES_ERROR;
				CLANG_WARN_DOCUMENTATION_COMMENTS = YES;
				CLANG_WARN_EMPTY_BODY = YES;
				CLANG_WARN_ENUM_CONVERSION = YES;
				CLANG_WARN_INFINITE_RECURSION = YES;
				CLANG_WARN_INT_CONVERSION = YES;
				CLANG_WARN_NON_LITERAL_NULL_CONVERSION = YES;
				CLANG_WARN_OBJC_IMPLICIT_RETAIN_SELF = YES;
				CLANG_WARN_OBJC_LITERAL_CONVERSION = YES;
				CLANG_WARN_OBJC_ROOT_CLASS = YES_ERROR;
				CLANG_WARN_RANGE_LOOP_ANALYSIS = YES;
				CLANG_WARN_STRICT_PROTOTYPES = YES;
				CLANG_WARN_SUSPICIOUS_MOVE = YES;
				CLANG_WARN_UNGUARDED_AVAILABILITY = YES_AGGRESSIVE;
				CLANG_WARN_UNREACHABLE_CODE = YES;
				CLANG_WARN__DUPLICATE_METHOD_MATCH = YES;
				CODE_SIGN_IDENTITY = "iPhone Developer";
				COPY_PHASE_STRIP = NO;
				DEBUG_INFORMATION_FORMAT = "dwarf-with-dsym";
				ENABLE_NS_ASSERTIONS = NO;
				ENABLE_STRICT_OBJC_MSGSEND = YES;
				GCC_C_LANGUAGE_STANDARD = gnu11;
				GCC_NO_COMMON_BLOCKS = YES;
				GCC_WARN_64_TO_32_BIT_CONVERSION = YES;
				GCC_WARN_ABOUT_RETURN_TYPE = YES_ERROR;
				GCC_WARN_UNDECLARED_SELECTOR = YES;
				GCC_WARN_UNINITIALIZED_AUTOS = YES_AGGRESSIVE;
				GCC_WARN_UNUSED_FUNCTION = YES;
				GCC_WARN_UNUSED_VARIABLE = YES;
				IPHONEOS_DEPLOYMENT_TARGET = 12.1;
				MTL_ENABLE_DEBUG_INFO = NO;
				MTL_FAST_MATH = YES;
				SDKROOT = iphoneos;
				SWIFT_COMPILATION_MODE = wholemodule;
				SWIFT_OPTIMIZATION_LEVEL = "-O";
				VALIDATE_PRODUCT = YES;
			};
			name = Release;
		};
		2AA8BC6B21C73FA600770472 /* Debug */ = {
			isa = XCBuildConfiguration;
			baseConfigurationReference = E57664DDDA83F18024630A22 /* Pods-SlotMachine.debug.xcconfig */;
			buildSettings = {
				ASSETCATALOG_COMPILER_APPICON_NAME = AppIcon;
				CODE_SIGN_STYLE = Automatic;
				DEVELOPMENT_TEAM = Y3D3ML6454;
				INFOPLIST_FILE = SlotMachine/Info.plist;
				LD_RUNPATH_SEARCH_PATHS = (
					"$(inherited)",
					"@executable_path/Frameworks",
				);
				PRODUCT_BUNDLE_IDENTIFIER = edu.self.SlotMachine;
				PRODUCT_NAME = "$(TARGET_NAME)";
				SWIFT_VERSION = 4.2;
				TARGETED_DEVICE_FAMILY = "1,2";
			};
			name = Debug;
		};
		2AA8BC6C21C73FA600770472 /* Release */ = {
			isa = XCBuildConfiguration;
			baseConfigurationReference = DBC10B388A9FD5644BBF9405 /* Pods-SlotMachine.release.xcconfig */;
			buildSettings = {
				ASSETCATALOG_COMPILER_APPICON_NAME = AppIcon;
				CODE_SIGN_STYLE = Automatic;
				DEVELOPMENT_TEAM = Y3D3ML6454;
				INFOPLIST_FILE = SlotMachine/Info.plist;
				LD_RUNPATH_SEARCH_PATHS = (
					"$(inherited)",
					"@executable_path/Frameworks",
				);
				PRODUCT_BUNDLE_IDENTIFIER = edu.self.SlotMachine;
				PRODUCT_NAME = "$(TARGET_NAME)";
				SWIFT_VERSION = 4.2;
				TARGETED_DEVICE_FAMILY = "1,2";
			};
			name = Release;
		};
/* End XCBuildConfiguration section */

/* Begin XCConfigurationList section */
		2AA8BC5021C73FA400770472 /* Build configuration list for PBXProject "SlotMachine" */ = {
			isa = XCConfigurationList;
			buildConfigurations = (
				2AA8BC6821C73FA600770472 /* Debug */,
				2AA8BC6921C73FA600770472 /* Release */,
			);
			defaultConfigurationIsVisible = 0;
			defaultConfigurationName = Release;
		};
		2AA8BC6A21C73FA600770472 /* Build configuration list for PBXNativeTarget "SlotMachine" */ = {
			isa = XCConfigurationList;
			buildConfigurations = (
				2AA8BC6B21C73FA600770472 /* Debug */,
				2AA8BC6C21C73FA600770472 /* Release */,
			);
			defaultConfigurationIsVisible = 0;
			defaultConfigurationName = Release;
		};
/* End XCConfigurationList section */

/* Begin XCVersionGroup section */
		2AA8BC5F21C73FA400770472 /* SlotMachine.xcdatamodeld */ = {
			isa = XCVersionGroup;
			children = (
				2AA8BC6021C73FA400770472 /* SlotMachine.xcdatamodel */,
			);
			currentVersion = 2AA8BC6021C73FA400770472 /* SlotMachine.xcdatamodel */;
			path = SlotMachine.xcdatamodeld;
			sourceTree = "<group>";
			versionGroupType = wrapper.xcdatamodel;
		};
/* End XCVersionGroup section */
	};
	rootObject = 2AA8BC4D21C73FA400770472 /* Project object */;
}
